{
  "name": "be-render-neutral",
  "version": "0.0.6",
  "lockfileVersion": 3,
  "requires": true,
  "packages": {
    "": {
      "name": "be-render-neutral",
      "version": "0.0.6",
      "license": "MIT",
      "dependencies": {
        "be-enhanced": "0.0.162",
        "be-hive": "0.0.242",
        "mount-observer": "0.0.39",
        "trans-render": "0.0.873"
      }
    },
    "node_modules/be-enhanced": {
      "version": "0.0.162",
      "resolved": "https://registry.npmjs.org/be-enhanced/-/be-enhanced-0.0.162.tgz",
      "integrity": "sha512-mF4SgOhD5dcS4CJgUpswsPM6IKJnaiQZ6upRTEIwImqXDyd7U7GvPX8abm1wWpDdIoWOZH1wuMQ6m2F0wcEBjQ==",
      "license": "MIT",
      "dependencies": {
        "trans-render": "0.0.873"
      }
    },
    "node_modules/be-hive": {
      "version": "0.0.242",
      "resolved": "https://registry.npmjs.org/be-hive/-/be-hive-0.0.242.tgz",
      "integrity": "sha512-GVqvzwqQMaUGcRt14gwFK158lEBExsEj1VsXseL6mxT41dHzBH+UpkMYbl7I340Sr44WO9JKiBjVbV11f6jnUQ==",
      "license": "MIT",
      "dependencies": {
        "be-enhanced": "0.0.162",
        "mount-observer": "0.0.39",
        "trans-render": "0.0.873"
      }
    },
    "node_modules/mount-observer": {
      "version": "0.0.39",
      "resolved": "https://registry.npmjs.org/mount-observer/-/mount-observer-0.0.39.tgz",
      "integrity": "sha512-iyoMdQAE4luZfgXDf4zO6hiLd33w8tRAIdpJZVu30UAH2pwysjAqZOuPP0/fbcBUH3JBY6jVE8WlNHfc11gjNA==",
      "license": "MIT"
    },
    "node_modules/trans-render": {
      "version": "0.0.873",
      "resolved": "https://registry.npmjs.org/trans-render/-/trans-render-0.0.873.tgz",
      "integrity": "sha512-jy19BLabUnx5ydSFaDdRQOosKOnOf5zO338taf2ZNziowD7ClOeI3ydwfiv5Qqn2sfKNz80gajQv8T2dMa66tA==",
      "license": "MIT",
      "dependencies": {
        "mount-observer": "0.0.39"
      }
    }
  }
}
