{
  "name": "be-render-neutral",
  "version": "0.0.3",
  "lockfileVersion": 3,
  "requires": true,
  "packages": {
    "": {
      "name": "be-render-neutral",
      "version": "0.0.3",
      "license": "MIT",
      "dependencies": {
        "be-enhanced": "0.0.156",
        "be-hive": "0.0.236",
        "mount-observer": "0.0.39",
        "trans-render": "0.0.864"
      }
    },
    "node_modules/be-enhanced": {
      "version": "0.0.156",
      "resolved": "https://registry.npmjs.org/be-enhanced/-/be-enhanced-0.0.156.tgz",
      "integrity": "sha512-uFtwENXTloVS0oeHE0ihX1/QdnF81QpVWCyQtJdYDG3GkWrZJ0au7x2yuyIhfvBc5ZKTkyplqr54SHijIt99OA==",
      "license": "MIT",
      "dependencies": {
        "trans-render": "0.0.864"
      }
    },
    "node_modules/be-hive": {
      "version": "0.0.236",
      "resolved": "https://registry.npmjs.org/be-hive/-/be-hive-0.0.236.tgz",
      "integrity": "sha512-m9O4pFYC41Xd9/Q6As/gP+opmpBlF083N0hiX11P73Nye8t7JQLOGsRSg0tHVkXJaRRN7prypDZEvV459SJYTg==",
      "license": "MIT",
      "dependencies": {
        "be-enhanced": "0.0.156",
        "mount-observer": "0.0.39",
        "trans-render": "0.0.864"
      }
    },
    "node_modules/mount-observer": {
      "version": "0.0.39",
      "resolved": "https://registry.npmjs.org/mount-observer/-/mount-observer-0.0.39.tgz",
      "integrity": "sha512-iyoMdQAE4luZfgXDf4zO6hiLd33w8tRAIdpJZVu30UAH2pwysjAqZOuPP0/fbcBUH3JBY6jVE8WlNHfc11gjNA==",
      "license": "MIT"
    },
    "node_modules/trans-render": {
      "version": "0.0.864",
      "resolved": "https://registry.npmjs.org/trans-render/-/trans-render-0.0.864.tgz",
      "integrity": "sha512-mwlTO2SB0G6529FfWlPOQRMEci6pFk8SF+AvSv6FaQmgmbDbUlA/xROAl+omzE3rmh5aJ3IMC1/Upfh9inhWGw==",
      "license": "MIT",
      "dependencies": {
        "mount-observer": "0.0.39"
      }
    }
  }
}
