{
  "name": "be-render-neutral",
  "version": "0.0.7",
  "lockfileVersion": 3,
  "requires": true,
  "packages": {
    "": {
      "name": "be-render-neutral",
      "version": "0.0.7",
      "license": "MIT",
      "dependencies": {
        "be-enhanced": "0.0.168",
        "be-hive": "0.0.248",
        "mount-observer": "0.0.44",
        "trans-render": "0.0.886"
      }
    },
    "node_modules/be-enhanced": {
      "version": "0.0.168",
      "resolved": "https://registry.npmjs.org/be-enhanced/-/be-enhanced-0.0.168.tgz",
      "integrity": "sha512-V8IgsYo9Ucjb0drJFB6vvDas6TvpRMRzbtbBNCin+gYiMC7SV/xBDZvvMkuTUHkQfdSD690G+E8q1wPOyCYkXA==",
      "license": "MIT",
      "dependencies": {
        "trans-render": "0.0.886"
      }
    },
    "node_modules/be-hive": {
      "version": "0.0.248",
      "resolved": "https://registry.npmjs.org/be-hive/-/be-hive-0.0.248.tgz",
      "integrity": "sha512-MiWbVqUaR2P54z49F3TG8TPKDBzLwYkfxJcBfS3Xtdq1gfZbHXr6YbUrQLvd7b9bbfre+ld261M0JgauSCtzNw==",
      "license": "MIT",
      "dependencies": {
        "be-enhanced": "0.0.168",
        "mount-observer": "0.0.44",
        "trans-render": "0.0.886"
      }
    },
    "node_modules/mount-observer": {
      "version": "0.0.44",
      "resolved": "https://registry.npmjs.org/mount-observer/-/mount-observer-0.0.44.tgz",
      "integrity": "sha512-ejL3r5b/dUJRSADxADLmEzn1HpcEshXqOcqqU+4KEo3qlRKgUEfD0bp8m+W7EjgdtT0OuRKM//SDdhbW0DxaxA==",
      "license": "MIT"
    },
    "node_modules/trans-render": {
      "version": "0.0.886",
      "resolved": "https://registry.npmjs.org/trans-render/-/trans-render-0.0.886.tgz",
      "integrity": "sha512-n6+jHKoLJ31tDWF4nmQ+70lQLiygTFRIgeex5HQnfl3tvgw1jUu4vi7Bp5cp1D8m1ocTVt1qphtDRlwT2EeYSA==",
      "license": "MIT",
      "dependencies": {
        "mount-observer": "0.0.44"
      }
    }
  }
}
